
Microsoft Visual Studio Solution File, Format Version 12.00
# Visual Studio 15
VisualStudioVersion = 15.0.27703.2018
MinimumVisualStudioVersion = 10.0.40219.1
Project("{8BC9CEB8-8B4A-11D0-8D11-00A0C91BC942}") = "CreateFSMTable", "CreateFSMTable\CreateFSMTable.vcxproj", "{64AACE79-0130-43CB-AF7B-6F95D7B1BB98}"
EndProject
Global
	GlobalSection(SolutionConfigurationPlatforms) = preSolution
		Debug|x64 = Debug|x64
		Debug|x86 = Debug|x86
		Release|x64 = Release|x64
		Release|x86 = Release|x86
	EndGlobalSection
	GlobalSection(ProjectConfigurationPlatforms) = postSolution
		{64AACE79-0130-43CB-AF7B-6F95D7B1BB98}.Debug|x64.ActiveCfg = Debug|x64
		{64AACE79-0130-43CB-AF7B-6F95D7B1BB98}.Debug|x64.Build.0 = Debug|x64
		{64AACE79-0130-43CB-AF7B-6F95D7B1BB98}.Debug|x86.ActiveCfg = Debug|Win32
		{64AACE79-0130-43CB-AF7B-6F95D7B1BB98}.Debug|x86.Build.0 = Debug|Win32
		{64AACE79-0130-43CB-AF7B-6F95D7B1BB98}.Release|x64.ActiveCfg = Release|x64
		{64AACE79-0130-43CB-AF7B-6F95D7B1BB98}.Release|x64.Build.0 = Release|x64
		{64AACE79-0130-43CB-AF7B-6F95D7B1BB98}.Release|x86.ActiveCfg = Release|Win32
		{64AACE79-0130-43CB-AF7B-6F95D7B1BB98}.Release|x86.Build.0 = Release|Win32
	EndGlobalSection
	GlobalSection(SolutionProperties) = preSolution
		HideSolutionNode = FALSE
	EndGlobalSection
	GlobalSection(ExtensibilityGlobals) = postSolution
		SolutionGuid = {625EC430-67E7-4F9A-9673-2346452C45A5}
	EndGlobalSection
EndGlobal
