
Microsoft Visual Studio Solution File, Format Version 12.00
# Visual Studio 15
VisualStudioVersion = 15.0.27703.2018
MinimumVisualStudioVersion = 10.0.40219.1
Project("{8BC9CEB8-8B4A-11D0-8D11-00A0C91BC942}") = "RandomMoveSimulation", "RandomMoveSimulation\RandomMoveSimulation.vcxproj", "{9C50BC24-DF28-48E7-B667-02738C5F4942}"
EndProject
Global
	GlobalSection(SolutionConfigurationPlatforms) = preSolution
		Debug|x64 = Debug|x64
		Debug|x86 = Debug|x86
		Release|x64 = Release|x64
		Release|x86 = Release|x86
	EndGlobalSection
	GlobalSection(ProjectConfigurationPlatforms) = postSolution
		{9C50BC24-DF28-48E7-B667-02738C5F4942}.Debug|x64.ActiveCfg = Debug|x64
		{9C50BC24-DF28-48E7-B667-02738C5F4942}.Debug|x64.Build.0 = Debug|x64
		{9C50BC24-DF28-48E7-B667-02738C5F4942}.Debug|x86.ActiveCfg = Debug|Win32
		{9C50BC24-DF28-48E7-B667-02738C5F4942}.Debug|x86.Build.0 = Debug|Win32
		{9C50BC24-DF28-48E7-B667-02738C5F4942}.Release|x64.ActiveCfg = Release|x64
		{9C50BC24-DF28-48E7-B667-02738C5F4942}.Release|x64.Build.0 = Release|x64
		{9C50BC24-DF28-48E7-B667-02738C5F4942}.Release|x86.ActiveCfg = Release|Win32
		{9C50BC24-DF28-48E7-B667-02738C5F4942}.Release|x86.Build.0 = Release|Win32
	EndGlobalSection
	GlobalSection(SolutionProperties) = preSolution
		HideSolutionNode = FALSE
	EndGlobalSection
	GlobalSection(ExtensibilityGlobals) = postSolution
		SolutionGuid = {BBAA39C9-7D7C-490C-AF87-C926A94E780C}
	EndGlobalSection
EndGlobal
